
Microsoft Visual Studio Solution File, Format Version 12.00
Project("{2150E333-8FDC-42A3-9474-1A3956D46DE8}") = "Domain", "Domain", "{78D2AC86-989A-4E3E-A16A-96F30495797D}"
EndProject
Project("{2150E333-8FDC-42A3-9474-1A3956D46DE8}") = "Infra", "Infra", "{4B9C23B3-5BAA-4D8F-A82B-8E9A12FA9EBC}"
EndProject
Project("{2150E333-8FDC-42A3-9474-1A3956D46DE8}") = "Integrations", "Integrations", "{B211BD7F-7BE0-4747-8B34-670BD783B588}"
EndProject
Project("{2150E333-8FDC-42A3-9474-1A3956D46DE8}") = "Presentation", "Presentation", "{A63A5100-A776-4222-A975-D1E365CB5640}"
EndProject
Project("{2150E333-8FDC-42A3-9474-1A3956D46DE8}") = "Test", "Test", "{F5BA98FD-F102-47D3-B5F7-3788CE1FAC54}"
EndProject
Project("{FAE04EC0-301F-11D3-BF4B-00C04F79EFBC}") = "Entities", "src\domain\Entities\Entities.csproj", "{1CC1BE0A-E77E-49F0-9F5E-9A510E9A04EF}"
EndProject
Project("{FAE04EC0-301F-11D3-BF4B-00C04F79EFBC}") = "Application", "src\domain\Application\Application.csproj", "{53F00596-721C-42B1-A35D-0573EA605808}"
EndProject
Project("{FAE04EC0-301F-11D3-BF4B-00C04F79EFBC}") = "Resolver", "src\infra\Resolver\Resolver.csproj", "{6AE9E6B6-9861-420F-8C33-DDE2F96AA378}"
EndProject
Project("{FAE04EC0-301F-11D3-BF4B-00C04F79EFBC}") = "Data", "src\infra\Data\Data.csproj", "{009DDD6C-7E30-4ED7-843E-3EB223A88DB8}"
EndProject
Project("{FAE04EC0-301F-11D3-BF4B-00C04F79EFBC}") = "Dto", "src\infra\Dto\Dto.csproj", "{CE765565-72B7-493E-B61C-45C468D5242C}"
EndProject
Project("{2150E333-8FDC-42A3-9474-1A3956D46DE8}") = "shared", "shared", "{1B40DF5A-8D7D-4C72-85C2-5C8FB7039831}"
EndProject
Project("{FAE04EC0-301F-11D3-BF4B-00C04F79EFBC}") = "Base", "src\shared\Base\Base.csproj", "{3977D4D5-DE8B-4BC5-9BEA-07800405C915}"
EndProject
Project("{FAE04EC0-301F-11D3-BF4B-00C04F79EFBC}") = "Consts", "src\shared\Consts\Consts.csproj", "{34CE57C4-5DB9-4992-8B4B-24F6C177037D}"
EndProject
Project("{FAE04EC0-301F-11D3-BF4B-00C04F79EFBC}") = "Redis", "src\integrations\Redis\Redis.csproj", "{070BCFFE-A050-465C-87CA-CCE9DABF5968}"
EndProject
Project("{FAE04EC0-301F-11D3-BF4B-00C04F79EFBC}") = "Utils", "src\shared\Utils\Utils.csproj", "{C84F2996-286A-491B-A369-9CF752AEA27A}"
EndProject
Project("{FAE04EC0-301F-11D3-BF4B-00C04F79EFBC}") = "Api", "src\presentation\Api\Api.csproj", "{D17EC53F-7990-4283-9018-ED16892881E0}"
EndProject
Project("{FAE04EC0-301F-11D3-BF4B-00C04F79EFBC}") = "MessageQueue", "src\integrations\MessageQueue\MessageQueue.csproj", "{9B28382A-478C-4C7E-A3D1-E6DCEA0EE252}"
EndProject
Project("{FAE04EC0-301F-11D3-BF4B-00C04F79EFBC}") = "DomainApplicationTest", "src\test\DomainApplicationTest\DomainApplicationTest.csproj", "{318E890F-9612-48D5-A29E-28D527B62481}"
EndProject
Global
	GlobalSection(SolutionConfigurationPlatforms) = preSolution
		Debug|Any CPU = Debug|Any CPU
		Release|Any CPU = Release|Any CPU
	EndGlobalSection
	GlobalSection(NestedProjects) = preSolution
		{1CC1BE0A-E77E-49F0-9F5E-9A510E9A04EF} = {78D2AC86-989A-4E3E-A16A-96F30495797D}
		{53F00596-721C-42B1-A35D-0573EA605808} = {78D2AC86-989A-4E3E-A16A-96F30495797D}
		{6AE9E6B6-9861-420F-8C33-DDE2F96AA378} = {4B9C23B3-5BAA-4D8F-A82B-8E9A12FA9EBC}
		{009DDD6C-7E30-4ED7-843E-3EB223A88DB8} = {4B9C23B3-5BAA-4D8F-A82B-8E9A12FA9EBC}
		{CE765565-72B7-493E-B61C-45C468D5242C} = {4B9C23B3-5BAA-4D8F-A82B-8E9A12FA9EBC}
		{3977D4D5-DE8B-4BC5-9BEA-07800405C915} = {1B40DF5A-8D7D-4C72-85C2-5C8FB7039831}
		{34CE57C4-5DB9-4992-8B4B-24F6C177037D} = {1B40DF5A-8D7D-4C72-85C2-5C8FB7039831}
		{070BCFFE-A050-465C-87CA-CCE9DABF5968} = {B211BD7F-7BE0-4747-8B34-670BD783B588}
		{C84F2996-286A-491B-A369-9CF752AEA27A} = {1B40DF5A-8D7D-4C72-85C2-5C8FB7039831}
		{D17EC53F-7990-4283-9018-ED16892881E0} = {A63A5100-A776-4222-A975-D1E365CB5640}
		{9B28382A-478C-4C7E-A3D1-E6DCEA0EE252} = {B211BD7F-7BE0-4747-8B34-670BD783B588}
		{318E890F-9612-48D5-A29E-28D527B62481} = {F5BA98FD-F102-47D3-B5F7-3788CE1FAC54}
	EndGlobalSection
	GlobalSection(ProjectConfigurationPlatforms) = postSolution
		{1CC1BE0A-E77E-49F0-9F5E-9A510E9A04EF}.Debug|Any CPU.ActiveCfg = Debug|Any CPU
		{1CC1BE0A-E77E-49F0-9F5E-9A510E9A04EF}.Debug|Any CPU.Build.0 = Debug|Any CPU
		{1CC1BE0A-E77E-49F0-9F5E-9A510E9A04EF}.Release|Any CPU.ActiveCfg = Release|Any CPU
		{1CC1BE0A-E77E-49F0-9F5E-9A510E9A04EF}.Release|Any CPU.Build.0 = Release|Any CPU
		{53F00596-721C-42B1-A35D-0573EA605808}.Debug|Any CPU.ActiveCfg = Debug|Any CPU
		{53F00596-721C-42B1-A35D-0573EA605808}.Debug|Any CPU.Build.0 = Debug|Any CPU
		{53F00596-721C-42B1-A35D-0573EA605808}.Release|Any CPU.ActiveCfg = Release|Any CPU
		{53F00596-721C-42B1-A35D-0573EA605808}.Release|Any CPU.Build.0 = Release|Any CPU
		{6AE9E6B6-9861-420F-8C33-DDE2F96AA378}.Debug|Any CPU.ActiveCfg = Debug|Any CPU
		{6AE9E6B6-9861-420F-8C33-DDE2F96AA378}.Debug|Any CPU.Build.0 = Debug|Any CPU
		{6AE9E6B6-9861-420F-8C33-DDE2F96AA378}.Release|Any CPU.ActiveCfg = Release|Any CPU
		{6AE9E6B6-9861-420F-8C33-DDE2F96AA378}.Release|Any CPU.Build.0 = Release|Any CPU
		{009DDD6C-7E30-4ED7-843E-3EB223A88DB8}.Debug|Any CPU.ActiveCfg = Debug|Any CPU
		{009DDD6C-7E30-4ED7-843E-3EB223A88DB8}.Debug|Any CPU.Build.0 = Debug|Any CPU
		{009DDD6C-7E30-4ED7-843E-3EB223A88DB8}.Release|Any CPU.ActiveCfg = Release|Any CPU
		{009DDD6C-7E30-4ED7-843E-3EB223A88DB8}.Release|Any CPU.Build.0 = Release|Any CPU
		{CE765565-72B7-493E-B61C-45C468D5242C}.Debug|Any CPU.ActiveCfg = Debug|Any CPU
		{CE765565-72B7-493E-B61C-45C468D5242C}.Debug|Any CPU.Build.0 = Debug|Any CPU
		{CE765565-72B7-493E-B61C-45C468D5242C}.Release|Any CPU.ActiveCfg = Release|Any CPU
		{CE765565-72B7-493E-B61C-45C468D5242C}.Release|Any CPU.Build.0 = Release|Any CPU
		{3977D4D5-DE8B-4BC5-9BEA-07800405C915}.Debug|Any CPU.ActiveCfg = Debug|Any CPU
		{3977D4D5-DE8B-4BC5-9BEA-07800405C915}.Debug|Any CPU.Build.0 = Debug|Any CPU
		{3977D4D5-DE8B-4BC5-9BEA-07800405C915}.Release|Any CPU.ActiveCfg = Release|Any CPU
		{3977D4D5-DE8B-4BC5-9BEA-07800405C915}.Release|Any CPU.Build.0 = Release|Any CPU
		{34CE57C4-5DB9-4992-8B4B-24F6C177037D}.Debug|Any CPU.ActiveCfg = Debug|Any CPU
		{34CE57C4-5DB9-4992-8B4B-24F6C177037D}.Debug|Any CPU.Build.0 = Debug|Any CPU
		{34CE57C4-5DB9-4992-8B4B-24F6C177037D}.Release|Any CPU.ActiveCfg = Release|Any CPU
		{34CE57C4-5DB9-4992-8B4B-24F6C177037D}.Release|Any CPU.Build.0 = Release|Any CPU
		{070BCFFE-A050-465C-87CA-CCE9DABF5968}.Debug|Any CPU.ActiveCfg = Debug|Any CPU
		{070BCFFE-A050-465C-87CA-CCE9DABF5968}.Debug|Any CPU.Build.0 = Debug|Any CPU
		{070BCFFE-A050-465C-87CA-CCE9DABF5968}.Release|Any CPU.ActiveCfg = Release|Any CPU
		{070BCFFE-A050-465C-87CA-CCE9DABF5968}.Release|Any CPU.Build.0 = Release|Any CPU
		{C84F2996-286A-491B-A369-9CF752AEA27A}.Debug|Any CPU.ActiveCfg = Debug|Any CPU
		{C84F2996-286A-491B-A369-9CF752AEA27A}.Debug|Any CPU.Build.0 = Debug|Any CPU
		{C84F2996-286A-491B-A369-9CF752AEA27A}.Release|Any CPU.ActiveCfg = Release|Any CPU
		{C84F2996-286A-491B-A369-9CF752AEA27A}.Release|Any CPU.Build.0 = Release|Any CPU
		{D17EC53F-7990-4283-9018-ED16892881E0}.Debug|Any CPU.ActiveCfg = Debug|Any CPU
		{D17EC53F-7990-4283-9018-ED16892881E0}.Debug|Any CPU.Build.0 = Debug|Any CPU
		{D17EC53F-7990-4283-9018-ED16892881E0}.Release|Any CPU.ActiveCfg = Release|Any CPU
		{D17EC53F-7990-4283-9018-ED16892881E0}.Release|Any CPU.Build.0 = Release|Any CPU
		{9B28382A-478C-4C7E-A3D1-E6DCEA0EE252}.Debug|Any CPU.ActiveCfg = Debug|Any CPU
		{9B28382A-478C-4C7E-A3D1-E6DCEA0EE252}.Debug|Any CPU.Build.0 = Debug|Any CPU
		{9B28382A-478C-4C7E-A3D1-E6DCEA0EE252}.Release|Any CPU.ActiveCfg = Release|Any CPU
		{9B28382A-478C-4C7E-A3D1-E6DCEA0EE252}.Release|Any CPU.Build.0 = Release|Any CPU
		{318E890F-9612-48D5-A29E-28D527B62481}.Debug|Any CPU.ActiveCfg = Debug|Any CPU
		{318E890F-9612-48D5-A29E-28D527B62481}.Debug|Any CPU.Build.0 = Debug|Any CPU
		{318E890F-9612-48D5-A29E-28D527B62481}.Release|Any CPU.ActiveCfg = Release|Any CPU
		{318E890F-9612-48D5-A29E-28D527B62481}.Release|Any CPU.Build.0 = Release|Any CPU
	EndGlobalSection
EndGlobal
